
Microsoft Visual Studio Solution File, Format Version 12.00
# Visual Studio Version 16
VisualStudioVersion = 16.0.32602.291
MinimumVisualStudioVersion = 10.0.40219.1
Project("{9A19103F-16F7-4668-BE54-9A1E7A4F7556}") = "ConsoleApp1", "ConsoleApp1\ConsoleApp1.csproj", "{D3EF7BE9-F2E0-463B-8400-3BC0E10E5CCC}"
EndProject
Global
	GlobalSection(SolutionConfigurationPlatforms) = preSolution
		Debug|Any CPU = Debug|Any CPU
		Release|Any CPU = Release|Any CPU
	EndGlobalSection
	GlobalSection(ProjectConfigurationPlatforms) = postSolution
		{D3EF7BE9-F2E0-463B-8400-3BC0E10E5CCC}.Debug|Any CPU.ActiveCfg = Debug|Any CPU
		{D3EF7BE9-F2E0-463B-8400-3BC0E10E5CCC}.Debug|Any CPU.Build.0 = Debug|Any CPU
		{D3EF7BE9-F2E0-463B-8400-3BC0E10E5CCC}.Release|Any CPU.ActiveCfg = Release|Any CPU
		{D3EF7BE9-F2E0-463B-8400-3BC0E10E5CCC}.Release|Any CPU.Build.0 = Release|Any CPU
	EndGlobalSection
	GlobalSection(SolutionProperties) = preSolution
		HideSolutionNode = FALSE
	EndGlobalSection
	GlobalSection(ExtensibilityGlobals) = postSolution
		SolutionGuid = {EEC74740-A994-4131-87D4-30441139E149}
	EndGlobalSection
EndGlobal
